// !$*UTF8*$!
{
	archiveVersion = 1;
	classes = {
	};
	objectVersion = 56;
	objects = {

/* Begin PBXBuildFile section */
		FB43B4CB29AF3D8D009819C2 /* restartApp.swift in Sources */ = {isa = PBXBuildFile; fileRef = FB43B4CA29AF3D8D009819C2 /* restartApp.swift */; };
		FB43B4CD29AF3D8D009819C2 /* ContentView.swift in Sources */ = {isa = PBXBuildFile; fileRef = FB43B4CC29AF3D8D009819C2 /* ContentView.swift */; };
		FB43B4CF29AF3D8F009819C2 /* Assets.xcassets in Resources */ = {isa = PBXBuildFile; fileRef = FB43B4CE29AF3D8F009819C2 /* Assets.xcassets */; };
		FB43B4D229AF3D8F009819C2 /* Preview Assets.xcassets in Resources */ = {isa = PBXBuildFile; fileRef = FB43B4D129AF3D8F009819C2 /* Preview Assets.xcassets */; };
		FB43B4DA29AF3E7E009819C2 /* chimeup.mp3 in Resources */ = {isa = PBXBuildFile; fileRef = FB43B4D829AF3E7E009819C2 /* chimeup.mp3 */; };
		FB43B4DB29AF3E7E009819C2 /* success.m4a in Resources */ = {isa = PBXBuildFile; fileRef = FB43B4D929AF3E7E009819C2 /* success.m4a */; };
		FB43B4E229AF4143009819C2 /* OnboardingView.swift in Sources */ = {isa = PBXBuildFile; fileRef = FB43B4E129AF4143009819C2 /* OnboardingView.swift */; };
		FB43B4E429AF4153009819C2 /* HomeView.swift in Sources */ = {isa = PBXBuildFile; fileRef = FB43B4E329AF4153009819C2 /* HomeView.swift */; };
/* End PBXBuildFile section */

/* Begin PBXFileReference section */
		FB43B4C729AF3D8D009819C2 /* restart.app */ = {isa = PBXFileReference; explicitFileType = wrapper.application; includeInIndex = 0; path = restart.app; sourceTree = BUILT_PRODUCTS_DIR; };
		FB43B4CA29AF3D8D009819C2 /* restartApp.swift */ = {isa = PBXFileReference; lastKnownFileType = sourcecode.swift; path = restartApp.swift; sourceTree = "<group>"; };
		FB43B4CC29AF3D8D009819C2 /* ContentView.swift */ = {isa = PBXFileReference; lastKnownFileType = sourcecode.swift; path = ContentView.swift; sourceTree = "<group>"; };
		FB43B4CE29AF3D8F009819C2 /* Assets.xcassets */ = {isa = PBXFileReference; lastKnownFileType = folder.assetcatalog; path = Assets.xcassets; sourceTree = "<group>"; };
		FB43B4D129AF3D8F009819C2 /* Preview Assets.xcassets */ = {isa = PBXFileReference; lastKnownFileType = folder.assetcatalog; path = "Preview Assets.xcassets"; sourceTree = "<group>"; };
		FB43B4D829AF3E7E009819C2 /* chimeup.mp3 */ = {isa = PBXFileReference; lastKnownFileType = audio.mp3; path = chimeup.mp3; sourceTree = "<group>"; };
		FB43B4D929AF3E7E009819C2 /* success.m4a */ = {isa = PBXFileReference; lastKnownFileType = file; path = success.m4a; sourceTree = "<group>"; };
		FB43B4E029AF40DE009819C2 /* Info.plist */ = {isa = PBXFileReference; lastKnownFileType = text.plist; path = Info.plist; sourceTree = "<group>"; };
		FB43B4E129AF4143009819C2 /* OnboardingView.swift */ = {isa = PBXFileReference; lastKnownFileType = sourcecode.swift; path = OnboardingView.swift; sourceTree = "<group>"; };
		FB43B4E329AF4153009819C2 /* HomeView.swift */ = {isa = PBXFileReference; lastKnownFileType = sourcecode.swift; path = HomeView.swift; sourceTree = "<group>"; };
/* End PBXFileReference section */

/* Begin PBXFrameworksBuildPhase section */
		FB43B4C429AF3D8D009819C2 /* Frameworks */ = {
			isa = PBXFrameworksBuildPhase;
			buildActionMask = 2147483647;
			files = (
			);
			runOnlyForDeploymentPostprocessing = 0;
		};
/* End PBXFrameworksBuildPhase section */

/* Begin PBXGroup section */
		FB43B4BE29AF3D8D009819C2 = {
			isa = PBXGroup;
			children = (
				FB43B4C929AF3D8D009819C2 /* restart */,
				FB43B4C829AF3D8D009819C2 /* Products */,
			);
			sourceTree = "<group>";
		};
		FB43B4C829AF3D8D009819C2 /* Products */ = {
			isa = PBXGroup;
			children = (
				FB43B4C729AF3D8D009819C2 /* restart.app */,
			);
			name = Products;
			sourceTree = "<group>";
		};
		FB43B4C929AF3D8D009819C2 /* restart */ = {
			isa = PBXGroup;
			children = (
				FB43B4E029AF40DE009819C2 /* Info.plist */,
				FB43B4DF29AF3F7C009819C2 /* Utilities */,
				FB43B4DE29AF3F70009819C2 /* Views */,
				FB43B4DC29AF3E90009819C2 /* Sounds */,
				FB43B4CA29AF3D8D009819C2 /* restartApp.swift */,
				FB43B4DD29AF3F61009819C2 /* Screens */,
				FB43B4CE29AF3D8F009819C2 /* Assets.xcassets */,
				FB43B4D029AF3D8F009819C2 /* Preview Content */,
			);
			path = restart;
			sourceTree = "<group>";
		};
		FB43B4D029AF3D8F009819C2 /* Preview Content */ = {
			isa = PBXGroup;
			children = (
				FB43B4D129AF3D8F009819C2 /* Preview Assets.xcassets */,
			);
			path = "Preview Content";
			sourceTree = "<group>";
		};
		FB43B4DC29AF3E90009819C2 /* Sounds */ = {
			isa = PBXGroup;
			children = (
				FB43B4D829AF3E7E009819C2 /* chimeup.mp3 */,
				FB43B4D929AF3E7E009819C2 /* success.m4a */,
			);
			path = Sounds;
			sourceTree = "<group>";
		};
		FB43B4DD29AF3F61009819C2 /* Screens */ = {
			isa = PBXGroup;
			children = (
				FB43B4CC29AF3D8D009819C2 /* ContentView.swift */,
				FB43B4E129AF4143009819C2 /* OnboardingView.swift */,
				FB43B4E329AF4153009819C2 /* HomeView.swift */,
			);
			path = Screens;
			sourceTree = "<group>";
		};
		FB43B4DE29AF3F70009819C2 /* Views */ = {
			isa = PBXGroup;
			children = (
			);
			path = Views;
			sourceTree = "<group>";
		};
		FB43B4DF29AF3F7C009819C2 /* Utilities */ = {
			isa = PBXGroup;
			children = (
			);
			path = Utilities;
			sourceTree = "<group>";
		};
/* End PBXGroup section */

/* Begin PBXNativeTarget section */
		FB43B4C629AF3D8D009819C2 /* restart */ = {
			isa = PBXNativeTarget;
			buildConfigurationList = FB43B4D529AF3D8F009819C2 /* Build configuration list for PBXNativeTarget "restart" */;
			buildPhases = (
				FB43B4C329AF3D8D009819C2 /* Sources */,
				FB43B4C429AF3D8D009819C2 /* Frameworks */,
				FB43B4C529AF3D8D009819C2 /* Resources */,
			);
			buildRules = (
			);
			dependencies = (
			);
			name = restart;
			productName = restart;
			productReference = FB43B4C729AF3D8D009819C2 /* restart.app */;
			productType = "com.apple.product-type.application";
		};
/* End PBXNativeTarget section */

/* Begin PBXProject section */
		FB43B4BF29AF3D8D009819C2 /* Project object */ = {
			isa = PBXProject;
			attributes = {
				BuildIndependentTargetsInParallel = 1;
				LastSwiftUpdateCheck = 1420;
				LastUpgradeCheck = 1420;
				TargetAttributes = {
					FB43B4C629AF3D8D009819C2 = {
						CreatedOnToolsVersion = 14.2;
					};
				};
			};
			buildConfigurationList = FB43B4C229AF3D8D009819C2 /* Build configuration list for PBXProject "restart" */;
			compatibilityVersion = "Xcode 14.0";
			developmentRegion = en;
			hasScannedForEncodings = 0;
			knownRegions = (
				en,
				Base,
			);
			mainGroup = FB43B4BE29AF3D8D009819C2;
			productRefGroup = FB43B4C829AF3D8D009819C2 /* Products */;
			projectDirPath = "";
			projectRoot = "";
			targets = (
				FB43B4C629AF3D8D009819C2 /* restart */,
			);
		};
/* End PBXProject section */

/* Begin PBXResourcesBuildPhase section */
		FB43B4C529AF3D8D009819C2 /* Resources */ = {
			isa = PBXResourcesBuildPhase;
			buildActionMask = 2147483647;
			files = (
				FB43B4DB29AF3E7E009819C2 /* success.m4a in Resources */,
				FB43B4DA29AF3E7E009819C2 /* chimeup.mp3 in Resources */,
				FB43B4D229AF3D8F009819C2 /* Preview Assets.xcassets in Resources */,
				FB43B4CF29AF3D8F009819C2 /* Assets.xcassets in Resources */,
			);
			runOnlyForDeploymentPostprocessing = 0;
		};
/* End PBXResourcesBuildPhase section */

/* Begin PBXSourcesBuildPhase section */
		FB43B4C329AF3D8D009819C2 /* Sources */ = {
			isa = PBXSourcesBuildPhase;
			buildActionMask = 2147483647;
			files = (
				FB43B4E229AF4143009819C2 /* OnboardingView.swift in Sources */,
				FB43B4E429AF4153009819C2 /* HomeView.swift in Sources */,
				FB43B4CD29AF3D8D009819C2 /* ContentView.swift in Sources */,
				FB43B4CB29AF3D8D009819C2 /* restartApp.swift in Sources */,
			);
			runOnlyForDeploymentPostprocessing = 0;
		};
/* End PBXSourcesBuildPhase section */

/* Begin XCBuildConfiguration section */
		FB43B4D329AF3D8F009819C2 /* Debug */ = {
			isa = XCBuildConfiguration;
			buildSettings = {
				ALWAYS_SEARCH_USER_PATHS = NO;
				CLANG_ANALYZER_NONNULL = YES;
				CLANG_ANALYZER_NUMBER_OBJECT_CONVERSION = YES_AGGRESSIVE;
				CLANG_CXX_LANGUAGE_STANDARD = "gnu++20";
				CLANG_ENABLE_MODULES = YES;
				CLANG_ENABLE_OBJC_ARC = YES;
				CLANG_ENABLE_OBJC_WEAK = YES;
				CLANG_WARN_BLOCK_CAPTURE_AUTORELEASING = YES;
				CLANG_WARN_BOOL_CONVERSION = YES;
				CLANG_WARN_COMMA = YES;
				CLANG_WARN_CONSTANT_CONVERSION = YES;
				CLANG_WARN_DEPRECATED_OBJC_IMPLEMENTATIONS = YES;
				CLANG_WARN_DIRECT_OBJC_ISA_USAGE = YES_ERROR;
				CLANG_WARN_DOCUMENTATION_COMMENTS = YES;
				CLANG_WARN_EMPTY_BODY = YES;
				CLANG_WARN_ENUM_CONVERSION = YES;
				CLANG_WARN_INFINITE_RECURSION = YES;
				CLANG_WARN_INT_CONVERSION = YES;
				CLANG_WARN_NON_LITERAL_NULL_CONVERSION = YES;
				CLANG_WARN_OBJC_IMPLICIT_RETAIN_SELF = YES;
				CLANG_WARN_OBJC_LITERAL_CONVERSION = YES;
				CLANG_WARN_OBJC_ROOT_CLASS = YES_ERROR;
				CLANG_WARN_QUOTED_INCLUDE_IN_FRAMEWORK_HEADER = YES;
				CLANG_WARN_RANGE_LOOP_ANALYSIS = YES;
				CLANG_WARN_STRICT_PROTOTYPES = YES;
				CLANG_WARN_SUSPICIOUS_MOVE = YES;
				CLANG_WARN_UNGUARDED_AVAILABILITY = YES_AGGRESSIVE;
				CLANG_WARN_UNREACHABLE_CODE = YES;
				CLANG_WARN__DUPLICATE_METHOD_MATCH = YES;
				COPY_PHASE_STRIP = NO;
				DEBUG_INFORMATION_FORMAT = dwarf;
				ENABLE_STRICT_OBJC_MSGSEND = YES;
				ENABLE_TESTABILITY = YES;
				GCC_C_LANGUAGE_STANDARD = gnu11;
				GCC_DYNAMIC_NO_PIC = NO;
				GCC_NO_COMMON_BLOCKS = YES;
				GCC_OPTIMIZATION_LEVEL = 0;
				GCC_PREPROCESSOR_DEFINITIONS = (
					"DEBUG=1",
					"$(inherited)",
				);
				GCC_WARN_64_TO_32_BIT_CONVERSION = YES;
				GCC_WARN_ABOUT_RETURN_TYPE = YES_ERROR;
				GCC_WARN_UNDECLARED_SELECTOR = YES;
				GCC_WARN_UNINITIALIZED_AUTOS = YES_AGGRESSIVE;
				GCC_WARN_UNUSED_FUNCTION = YES;
				GCC_WARN_UNUSED_VARIABLE = YES;
				IPHONEOS_DEPLOYMENT_TARGET = 16.2;
				MTL_ENABLE_DEBUG_INFO = INCLUDE_SOURCE;
				MTL_FAST_MATH = YES;
				ONLY_ACTIVE_ARCH = YES;
				SDKROOT = iphoneos;
				SWIFT_ACTIVE_COMPILATION_CONDITIONS = DEBUG;
				SWIFT_OPTIMIZATION_LEVEL = "-Onone";
			};
			name = Debug;
		};
		FB43B4D429AF3D8F009819C2 /* Release */ = {
			isa = XCBuildConfiguration;
			buildSettings = {
				ALWAYS_SEARCH_USER_PATHS = NO;
				CLANG_ANALYZER_NONNULL = YES;
				CLANG_ANALYZER_NUMBER_OBJECT_CONVERSION = YES_AGGRESSIVE;
				CLANG_CXX_LANGUAGE_STANDARD = "gnu++20";
				CLANG_ENABLE_MODULES = YES;
				CLANG_ENABLE_OBJC_ARC = YES;
				CLANG_ENABLE_OBJC_WEAK = YES;
				CLANG_WARN_BLOCK_CAPTURE_AUTORELEASING = YES;
				CLANG_WARN_BOOL_CONVERSION = YES;
				CLANG_WARN_COMMA = YES;
				CLANG_WARN_CONSTANT_CONVERSION = YES;
				CLANG_WARN_DEPRECATED_OBJC_IMPLEMENTATIONS = YES;
				CLANG_WARN_DIRECT_OBJC_ISA_USAGE = YES_ERROR;
				CLANG_WARN_DOCUMENTATION_COMMENTS = YES;
				CLANG_WARN_EMPTY_BODY = YES;
				CLANG_WARN_ENUM_CONVERSION = YES;
				CLANG_WARN_INFINITE_RECURSION = YES;
				CLANG_WARN_INT_CONVERSION = YES;
				CLANG_WARN_NON_LITERAL_NULL_CONVERSION = YES;
				CLANG_WARN_OBJC_IMPLICIT_RETAIN_SELF = YES;
				CLANG_WARN_OBJC_LITERAL_CONVERSION = YES;
				CLANG_WARN_OBJC_ROOT_CLASS = YES_ERROR;
				CLANG_WARN_QUOTED_INCLUDE_IN_FRAMEWORK_HEADER = YES;
				CLANG_WARN_RANGE_LOOP_ANALYSIS = YES;
				CLANG_WARN_STRICT_PROTOTYPES = YES;
				CLANG_WARN_SUSPICIOUS_MOVE = YES;
				CLANG_WARN_UNGUARDED_AVAILABILITY = YES_AGGRESSIVE;
				CLANG_WARN_UNREACHABLE_CODE = YES;
				CLANG_WARN__DUPLICATE_METHOD_MATCH = YES;
				COPY_PHASE_STRIP = NO;
				DEBUG_INFORMATION_FORMAT = "dwarf-with-dsym";
				ENABLE_NS_ASSERTIONS = NO;
				ENABLE_STRICT_OBJC_MSGSEND = YES;
				GCC_C_LANGUAGE_STANDARD = gnu11;
				GCC_NO_COMMON_BLOCKS = YES;
				GCC_WARN_64_TO_32_BIT_CONVERSION = YES;
				GCC_WARN_ABOUT_RETURN_TYPE = YES_ERROR;
				GCC_WARN_UNDECLARED_SELECTOR = YES;
				GCC_WARN_UNINITIALIZED_AUTOS = YES_AGGRESSIVE;
				GCC_WARN_UNUSED_FUNCTION = YES;
				GCC_WARN_UNUSED_VARIABLE = YES;
				IPHONEOS_DEPLOYMENT_TARGET = 16.2;
				MTL_ENABLE_DEBUG_INFO = NO;
				MTL_FAST_MATH = YES;
				SDKROOT = iphoneos;
				SWIFT_COMPILATION_MODE = wholemodule;
				SWIFT_OPTIMIZATION_LEVEL = "-O";
				VALIDATE_PRODUCT = YES;
			};
			name = Release;
		};
		FB43B4D629AF3D8F009819C2 /* Debug */ = {
			isa = XCBuildConfiguration;
			buildSettings = {
				ASSETCATALOG_COMPILER_APPICON_NAME = AppIcon;
				ASSETCATALOG_COMPILER_GLOBAL_ACCENT_COLOR_NAME = AccentColor;
				CODE_SIGN_STYLE = Automatic;
				CURRENT_PROJECT_VERSION = 1;
				DEVELOPMENT_ASSET_PATHS = "\"restart/Preview Content\"";
				ENABLE_PREVIEWS = YES;
				GENERATE_INFOPLIST_FILE = YES;
				INFOPLIST_FILE = restart/Info.plist;
				INFOPLIST_KEY_UIApplicationSceneManifest_Generation = YES;
				INFOPLIST_KEY_UIApplicationSupportsIndirectInputEvents = YES;
				INFOPLIST_KEY_UISupportedInterfaceOrientations = UIInterfaceOrientationPortrait;
				LD_RUNPATH_SEARCH_PATHS = (
					"$(inherited)",
					"@executable_path/Frameworks",
				);
				MARKETING_VERSION = 1.0;
				PRODUCT_BUNDLE_IDENTIFIER = ernestaspetk.restart;
				PRODUCT_NAME = "$(TARGET_NAME)";
				SWIFT_EMIT_LOC_STRINGS = YES;
				SWIFT_VERSION = 5.0;
				TARGETED_DEVICE_FAMILY = "1,2";
			};
			name = Debug;
		};
		FB43B4D729AF3D8F009819C2 /* Release */ = {
			isa = XCBuildConfiguration;
			buildSettings = {
				ASSETCATALOG_COMPILER_APPICON_NAME = AppIcon;
				ASSETCATALOG_COMPILER_GLOBAL_ACCENT_COLOR_NAME = AccentColor;
				CODE_SIGN_STYLE = Automatic;
				CURRENT_PROJECT_VERSION = 1;
				DEVELOPMENT_ASSET_PATHS = "\"restart/Preview Content\"";
				ENABLE_PREVIEWS = YES;
				GENERATE_INFOPLIST_FILE = YES;
				INFOPLIST_FILE = restart/Info.plist;
				INFOPLIST_KEY_UIApplicationSceneManifest_Generation = YES;
				INFOPLIST_KEY_UIApplicationSupportsIndirectInputEvents = YES;
				INFOPLIST_KEY_UISupportedInterfaceOrientations = UIInterfaceOrientationPortrait;
				LD_RUNPATH_SEARCH_PATHS = (
					"$(inherited)",
					"@executable_path/Frameworks",
				);
				MARKETING_VERSION = 1.0;
				PRODUCT_BUNDLE_IDENTIFIER = ernestaspetk.restart;
				PRODUCT_NAME = "$(TARGET_NAME)";
				SWIFT_EMIT_LOC_STRINGS = YES;
				SWIFT_VERSION = 5.0;
				TARGETED_DEVICE_FAMILY = "1,2";
			};
			name = Release;
		};
/* End XCBuildConfiguration section */

/* Begin XCConfigurationList section */
		FB43B4C229AF3D8D009819C2 /* Build configuration list for PBXProject "restart" */ = {
			isa = XCConfigurationList;
			buildConfigurations = (
				FB43B4D329AF3D8F009819C2 /* Debug */,
				FB43B4D429AF3D8F009819C2 /* Release */,
			);
			defaultConfigurationIsVisible = 0;
			defaultConfigurationName = Release;
		};
		FB43B4D529AF3D8F009819C2 /* Build configuration list for PBXNativeTarget "restart" */ = {
			isa = XCConfigurationList;
			buildConfigurations = (
				FB43B4D629AF3D8F009819C2 /* Debug */,
				FB43B4D729AF3D8F009819C2 /* Release */,
			);
			defaultConfigurationIsVisible = 0;
			defaultConfigurationName = Release;
		};
/* End XCConfigurationList section */
	};
	rootObject = FB43B4BF29AF3D8D009819C2 /* Project object */;
}
